
Microsoft Visual Studio Solution File, Format Version 11.00
# Visual Studio 2010
Project("{8BC9CEB8-8B4A-11D0-8D11-00A0C91BC942}") = "casablanca100", "src\build\casablanca100.vcxproj", "{4A8DDC8B-BF1C-4F5F-B3A4-DD93199F117B}"
EndProject
Project("{8BC9CEB8-8B4A-11D0-8D11-00A0C91BC942}") = "Demo", "src\Demo\Demo.vcxproj", "{CC979E41-B71F-4CE0-96BA-8B7C914A156B}"
EndProject
Global
	GlobalSection(SolutionConfigurationPlatforms) = preSolution
		Debug|Win32 = Debug|Win32
		Debug|x64 = Debug|x64
		Release|Win32 = Release|Win32
		Release|x64 = Release|x64
	EndGlobalSection
	GlobalSection(ProjectConfigurationPlatforms) = postSolution
		{4A8DDC8B-BF1C-4F5F-B3A4-DD93199F117B}.Debug|Win32.ActiveCfg = Debug|Win32
		{4A8DDC8B-BF1C-4F5F-B3A4-DD93199F117B}.Debug|Win32.Build.0 = Debug|Win32
		{4A8DDC8B-BF1C-4F5F-B3A4-DD93199F117B}.Debug|x64.ActiveCfg = Debug|x64
		{4A8DDC8B-BF1C-4F5F-B3A4-DD93199F117B}.Debug|x64.Build.0 = Debug|x64
		{4A8DDC8B-BF1C-4F5F-B3A4-DD93199F117B}.Release|Win32.ActiveCfg = Release|Win32
		{4A8DDC8B-BF1C-4F5F-B3A4-DD93199F117B}.Release|Win32.Build.0 = Release|Win32
		{4A8DDC8B-BF1C-4F5F-B3A4-DD93199F117B}.Release|x64.ActiveCfg = Release|x64
		{4A8DDC8B-BF1C-4F5F-B3A4-DD93199F117B}.Release|x64.Build.0 = Release|x64
		{CC979E41-B71F-4CE0-96BA-8B7C914A156B}.Debug|Win32.ActiveCfg = Debug|Win32
		{CC979E41-B71F-4CE0-96BA-8B7C914A156B}.Debug|Win32.Build.0 = Debug|Win32
		{CC979E41-B71F-4CE0-96BA-8B7C914A156B}.Debug|x64.ActiveCfg = Debug|Win32
		{CC979E41-B71F-4CE0-96BA-8B7C914A156B}.Release|Win32.ActiveCfg = Release|Win32
		{CC979E41-B71F-4CE0-96BA-8B7C914A156B}.Release|Win32.Build.0 = Release|Win32
		{CC979E41-B71F-4CE0-96BA-8B7C914A156B}.Release|x64.ActiveCfg = Release|Win32
	EndGlobalSection
	GlobalSection(SolutionProperties) = preSolution
		HideSolutionNode = FALSE
	EndGlobalSection
EndGlobal
